// !$*UTF8*$!
{
	archiveVersion = 1;
	classes = {
	};
	objectVersion = 55;
	objects = {

/* Begin PBXBuildFile section */
		526458A5290542D900A1B493 /* StatusUI.swift in Sources */ = {isa = PBXBuildFile; fileRef = 52645898290542D800A1B493 /* StatusUI.swift */; };
		526458A6290542D900A1B493 /* CircleBackground.swift in Sources */ = {isa = PBXBuildFile; fileRef = 52645899290542D800A1B493 /* CircleBackground.swift */; };
		526458A7290542D900A1B493 /* RoundButton.swift in Sources */ = {isa = PBXBuildFile; fileRef = 5264589B290542D800A1B493 /* RoundButton.swift */; };
		526458A8290542D900A1B493 /* CircleButton.swift in Sources */ = {isa = PBXBuildFile; fileRef = 5264589C290542D800A1B493 /* CircleButton.swift */; };
		526458A9290542D900A1B493 /* DateButton.swift in Sources */ = {isa = PBXBuildFile; fileRef = 5264589D290542D800A1B493 /* DateButton.swift */; };
		526458AA290542D900A1B493 /* TimeButton.swift in Sources */ = {isa = PBXBuildFile; fileRef = 5264589E290542D800A1B493 /* TimeButton.swift */; };
		526458AB290542D900A1B493 /* utils.swift in Sources */ = {isa = PBXBuildFile; fileRef = 5264589F290542D800A1B493 /* utils.swift */; };
		526458AC290542D900A1B493 /* PosterData.swift in Sources */ = {isa = PBXBuildFile; fileRef = 526458A1290542D800A1B493 /* PosterData.swift */; };
		526458AD290542D900A1B493 /* TicketData.swift in Sources */ = {isa = PBXBuildFile; fileRef = 526458A2290542D800A1B493 /* TicketData.swift */; };
		526458AE290542D900A1B493 /* TicketView.swift in Sources */ = {isa = PBXBuildFile; fileRef = 526458A4290542D800A1B493 /* TicketView.swift */; };
		52EEB8CD28E7058600821A73 /* MovieBookingApp.swift in Sources */ = {isa = PBXBuildFile; fileRef = 52EEB8CC28E7058600821A73 /* MovieBookingApp.swift */; };
		52EEB8CF28E7058600821A73 /* ContentView.swift in Sources */ = {isa = PBXBuildFile; fileRef = 52EEB8CE28E7058600821A73 /* ContentView.swift */; };
		52EEB8D128E7058700821A73 /* Assets.xcassets in Resources */ = {isa = PBXBuildFile; fileRef = 52EEB8D028E7058700821A73 /* Assets.xcassets */; };
		52EEB8D428E7058700821A73 /* Preview Assets.xcassets in Resources */ = {isa = PBXBuildFile; fileRef = 52EEB8D328E7058700821A73 /* Preview Assets.xcassets */; };
/* End PBXBuildFile section */

/* Begin PBXFileReference section */
		52645898290542D800A1B493 /* StatusUI.swift */ = {isa = PBXFileReference; fileEncoding = 4; lastKnownFileType = sourcecode.swift; path = StatusUI.swift; sourceTree = "<group>"; };
		52645899290542D800A1B493 /* CircleBackground.swift */ = {isa = PBXFileReference; fileEncoding = 4; lastKnownFileType = sourcecode.swift; path = CircleBackground.swift; sourceTree = "<group>"; };
		5264589B290542D800A1B493 /* RoundButton.swift */ = {isa = PBXFileReference; fileEncoding = 4; lastKnownFileType = sourcecode.swift; path = RoundButton.swift; sourceTree = "<group>"; };
		5264589C290542D800A1B493 /* CircleButton.swift */ = {isa = PBXFileReference; fileEncoding = 4; lastKnownFileType = sourcecode.swift; path = CircleButton.swift; sourceTree = "<group>"; };
		5264589D290542D800A1B493 /* DateButton.swift */ = {isa = PBXFileReference; fileEncoding = 4; lastKnownFileType = sourcecode.swift; path = DateButton.swift; sourceTree = "<group>"; };
		5264589E290542D800A1B493 /* TimeButton.swift */ = {isa = PBXFileReference; fileEncoding = 4; lastKnownFileType = sourcecode.swift; path = TimeButton.swift; sourceTree = "<group>"; };
		5264589F290542D800A1B493 /* utils.swift */ = {isa = PBXFileReference; fileEncoding = 4; lastKnownFileType = sourcecode.swift; path = utils.swift; sourceTree = "<group>"; };
		526458A1290542D800A1B493 /* PosterData.swift */ = {isa = PBXFileReference; fileEncoding = 4; lastKnownFileType = sourcecode.swift; path = PosterData.swift; sourceTree = "<group>"; };
		526458A2290542D800A1B493 /* TicketData.swift */ = {isa = PBXFileReference; fileEncoding = 4; lastKnownFileType = sourcecode.swift; path = TicketData.swift; sourceTree = "<group>"; };
		526458A4290542D800A1B493 /* TicketView.swift */ = {isa = PBXFileReference; fileEncoding = 4; lastKnownFileType = sourcecode.swift; path = TicketView.swift; sourceTree = "<group>"; };
		52EEB8C928E7058600821A73 /* MovieBooking.app */ = {isa = PBXFileReference; explicitFileType = wrapper.application; includeInIndex = 0; path = MovieBooking.app; sourceTree = BUILT_PRODUCTS_DIR; };
		52EEB8CC28E7058600821A73 /* MovieBookingApp.swift */ = {isa = PBXFileReference; lastKnownFileType = sourcecode.swift; path = MovieBookingApp.swift; sourceTree = "<group>"; };
		52EEB8CE28E7058600821A73 /* ContentView.swift */ = {isa = PBXFileReference; lastKnownFileType = sourcecode.swift; path = ContentView.swift; sourceTree = "<group>"; };
		52EEB8D028E7058700821A73 /* Assets.xcassets */ = {isa = PBXFileReference; lastKnownFileType = folder.assetcatalog; path = Assets.xcassets; sourceTree = "<group>"; };
		52EEB8D328E7058700821A73 /* Preview Assets.xcassets */ = {isa = PBXFileReference; lastKnownFileType = folder.assetcatalog; path = "Preview Assets.xcassets"; sourceTree = "<group>"; };
/* End PBXFileReference section */

/* Begin PBXFrameworksBuildPhase section */
		52EEB8C628E7058600821A73 /* Frameworks */ = {
			isa = PBXFrameworksBuildPhase;
			buildActionMask = 2147483647;
			files = (
			);
			runOnlyForDeploymentPostprocessing = 0;
		};
/* End PBXFrameworksBuildPhase section */

/* Begin PBXGroup section */
		52645897290542D800A1B493 /* UI */ = {
			isa = PBXGroup;
			children = (
				52645898290542D800A1B493 /* StatusUI.swift */,
				52645899290542D800A1B493 /* CircleBackground.swift */,
			);
			path = UI;
			sourceTree = "<group>";
		};
		5264589A290542D800A1B493 /* Buttons */ = {
			isa = PBXGroup;
			children = (
				5264589B290542D800A1B493 /* RoundButton.swift */,
				5264589C290542D800A1B493 /* CircleButton.swift */,
				5264589D290542D800A1B493 /* DateButton.swift */,
				5264589E290542D800A1B493 /* TimeButton.swift */,
			);
			path = Buttons;
			sourceTree = "<group>";
		};
		526458A0290542D800A1B493 /* Data */ = {
			isa = PBXGroup;
			children = (
				526458A1290542D800A1B493 /* PosterData.swift */,
				526458A2290542D800A1B493 /* TicketData.swift */,
			);
			path = Data;
			sourceTree = "<group>";
		};
		526458A3290542D800A1B493 /* Views */ = {
			isa = PBXGroup;
			children = (
				526458A4290542D800A1B493 /* TicketView.swift */,
			);
			path = Views;
			sourceTree = "<group>";
		};
		52EEB8C028E7058600821A73 = {
			isa = PBXGroup;
			children = (
				52EEB8CB28E7058600821A73 /* MovieBooking */,
				52EEB8CA28E7058600821A73 /* Products */,
			);
			sourceTree = "<group>";
		};
		52EEB8CA28E7058600821A73 /* Products */ = {
			isa = PBXGroup;
			children = (
				52EEB8C928E7058600821A73 /* MovieBooking.app */,
			);
			name = Products;
			sourceTree = "<group>";
		};
		52EEB8CB28E7058600821A73 /* MovieBooking */ = {
			isa = PBXGroup;
			children = (
				52645897290542D800A1B493 /* UI */,
				526458A0290542D800A1B493 /* Data */,
				5264589A290542D800A1B493 /* Buttons */,
				526458A3290542D800A1B493 /* Views */,
				52EEB8CC28E7058600821A73 /* MovieBookingApp.swift */,
				52EEB8CE28E7058600821A73 /* ContentView.swift */,
				5264589F290542D800A1B493 /* utils.swift */,
				52EEB8D028E7058700821A73 /* Assets.xcassets */,
				52EEB8D228E7058700821A73 /* Preview Content */,
			);
			path = MovieBooking;
			sourceTree = "<group>";
		};
		52EEB8D228E7058700821A73 /* Preview Content */ = {
			isa = PBXGroup;
			children = (
				52EEB8D328E7058700821A73 /* Preview Assets.xcassets */,
			);
			path = "Preview Content";
			sourceTree = "<group>";
		};
/* End PBXGroup section */

/* Begin PBXNativeTarget section */
		52EEB8C828E7058600821A73 /* MovieBooking */ = {
			isa = PBXNativeTarget;
			buildConfigurationList = 52EEB8D728E7058700821A73 /* Build configuration list for PBXNativeTarget "MovieBooking" */;
			buildPhases = (
				52EEB8C528E7058600821A73 /* Sources */,
				52EEB8C628E7058600821A73 /* Frameworks */,
				52EEB8C728E7058600821A73 /* Resources */,
			);
			buildRules = (
			);
			dependencies = (
			);
			name = MovieBooking;
			productName = MovieBooking;
			productReference = 52EEB8C928E7058600821A73 /* MovieBooking.app */;
			productType = "com.apple.product-type.application";
		};
/* End PBXNativeTarget section */

/* Begin PBXProject section */
		52EEB8C128E7058600821A73 /* Project object */ = {
			isa = PBXProject;
			attributes = {
				BuildIndependentTargetsInParallel = 1;
				LastSwiftUpdateCheck = 1340;
				LastUpgradeCheck = 1340;
				TargetAttributes = {
					52EEB8C828E7058600821A73 = {
						CreatedOnToolsVersion = 13.4.1;
					};
				};
			};
			buildConfigurationList = 52EEB8C428E7058600821A73 /* Build configuration list for PBXProject "MovieBooking" */;
			compatibilityVersion = "Xcode 13.0";
			developmentRegion = en;
			hasScannedForEncodings = 0;
			knownRegions = (
				en,
				Base,
			);
			mainGroup = 52EEB8C028E7058600821A73;
			productRefGroup = 52EEB8CA28E7058600821A73 /* Products */;
			projectDirPath = "";
			projectRoot = "";
			targets = (
				52EEB8C828E7058600821A73 /* MovieBooking */,
			);
		};
/* End PBXProject section */

/* Begin PBXResourcesBuildPhase section */
		52EEB8C728E7058600821A73 /* Resources */ = {
			isa = PBXResourcesBuildPhase;
			buildActionMask = 2147483647;
			files = (
				52EEB8D428E7058700821A73 /* Preview Assets.xcassets in Resources */,
				52EEB8D128E7058700821A73 /* Assets.xcassets in Resources */,
			);
			runOnlyForDeploymentPostprocessing = 0;
		};
/* End PBXResourcesBuildPhase section */

/* Begin PBXSourcesBuildPhase section */
		52EEB8C528E7058600821A73 /* Sources */ = {
			isa = PBXSourcesBuildPhase;
			buildActionMask = 2147483647;
			files = (
				526458AB290542D900A1B493 /* utils.swift in Sources */,
				52EEB8CF28E7058600821A73 /* ContentView.swift in Sources */,
				526458A9290542D900A1B493 /* DateButton.swift in Sources */,
				526458A7290542D900A1B493 /* RoundButton.swift in Sources */,
				526458AD290542D900A1B493 /* TicketData.swift in Sources */,
				52EEB8CD28E7058600821A73 /* MovieBookingApp.swift in Sources */,
				526458AE290542D900A1B493 /* TicketView.swift in Sources */,
				526458A8290542D900A1B493 /* CircleButton.swift in Sources */,
				526458A5290542D900A1B493 /* StatusUI.swift in Sources */,
				526458AA290542D900A1B493 /* TimeButton.swift in Sources */,
				526458AC290542D900A1B493 /* PosterData.swift in Sources */,
				526458A6290542D900A1B493 /* CircleBackground.swift in Sources */,
			);
			runOnlyForDeploymentPostprocessing = 0;
		};
/* End PBXSourcesBuildPhase section */

/* Begin XCBuildConfiguration section */
		52EEB8D528E7058700821A73 /* Debug */ = {
			isa = XCBuildConfiguration;
			buildSettings = {
				ALWAYS_SEARCH_USER_PATHS = NO;
				CLANG_ANALYZER_NONNULL = YES;
				CLANG_ANALYZER_NUMBER_OBJECT_CONVERSION = YES_AGGRESSIVE;
				CLANG_CXX_LANGUAGE_STANDARD = "gnu++17";
				CLANG_ENABLE_MODULES = YES;
				CLANG_ENABLE_OBJC_ARC = YES;
				CLANG_ENABLE_OBJC_WEAK = YES;
				CLANG_WARN_BLOCK_CAPTURE_AUTORELEASING = YES;
				CLANG_WARN_BOOL_CONVERSION = YES;
				CLANG_WARN_COMMA = YES;
				CLANG_WARN_CONSTANT_CONVERSION = YES;
				CLANG_WARN_DEPRECATED_OBJC_IMPLEMENTATIONS = YES;
				CLANG_WARN_DIRECT_OBJC_ISA_USAGE = YES_ERROR;
				CLANG_WARN_DOCUMENTATION_COMMENTS = YES;
				CLANG_WARN_EMPTY_BODY = YES;
				CLANG_WARN_ENUM_CONVERSION = YES;
				CLANG_WARN_INFINITE_RECURSION = YES;
				CLANG_WARN_INT_CONVERSION = YES;
				CLANG_WARN_NON_LITERAL_NULL_CONVERSION = YES;
				CLANG_WARN_OBJC_IMPLICIT_RETAIN_SELF = YES;
				CLANG_WARN_OBJC_LITERAL_CONVERSION = YES;
				CLANG_WARN_OBJC_ROOT_CLASS = YES_ERROR;
				CLANG_WARN_QUOTED_INCLUDE_IN_FRAMEWORK_HEADER = YES;
				CLANG_WARN_RANGE_LOOP_ANALYSIS = YES;
				CLANG_WARN_STRICT_PROTOTYPES = YES;
				CLANG_WARN_SUSPICIOUS_MOVE = YES;
				CLANG_WARN_UNGUARDED_AVAILABILITY = YES_AGGRESSIVE;
				CLANG_WARN_UNREACHABLE_CODE = YES;
				CLANG_WARN__DUPLICATE_METHOD_MATCH = YES;
				COPY_PHASE_STRIP = NO;
				DEBUG_INFORMATION_FORMAT = dwarf;
				ENABLE_STRICT_OBJC_MSGSEND = YES;
				ENABLE_TESTABILITY = YES;
				GCC_C_LANGUAGE_STANDARD = gnu11;
				GCC_DYNAMIC_NO_PIC = NO;
				GCC_NO_COMMON_BLOCKS = YES;
				GCC_OPTIMIZATION_LEVEL = 0;
				GCC_PREPROCESSOR_DEFINITIONS = (
					"DEBUG=1",
					"$(inherited)",
				);
				GCC_WARN_64_TO_32_BIT_CONVERSION = YES;
				GCC_WARN_ABOUT_RETURN_TYPE = YES_ERROR;
				GCC_WARN_UNDECLARED_SELECTOR = YES;
				GCC_WARN_UNINITIALIZED_AUTOS = YES_AGGRESSIVE;
				GCC_WARN_UNUSED_FUNCTION = YES;
				GCC_WARN_UNUSED_VARIABLE = YES;
				IPHONEOS_DEPLOYMENT_TARGET = 15.5;
				MTL_ENABLE_DEBUG_INFO = INCLUDE_SOURCE;
				MTL_FAST_MATH = YES;
				ONLY_ACTIVE_ARCH = YES;
				SDKROOT = iphoneos;
				SWIFT_ACTIVE_COMPILATION_CONDITIONS = DEBUG;
				SWIFT_OPTIMIZATION_LEVEL = "-Onone";
			};
			name = Debug;
		};
		52EEB8D628E7058700821A73 /* Release */ = {
			isa = XCBuildConfiguration;
			buildSettings = {
				ALWAYS_SEARCH_USER_PATHS = NO;
				CLANG_ANALYZER_NONNULL = YES;
				CLANG_ANALYZER_NUMBER_OBJECT_CONVERSION = YES_AGGRESSIVE;
				CLANG_CXX_LANGUAGE_STANDARD = "gnu++17";
				CLANG_ENABLE_MODULES = YES;
				CLANG_ENABLE_OBJC_ARC = YES;
				CLANG_ENABLE_OBJC_WEAK = YES;
				CLANG_WARN_BLOCK_CAPTURE_AUTORELEASING = YES;
				CLANG_WARN_BOOL_CONVERSION = YES;
				CLANG_WARN_COMMA = YES;
				CLANG_WARN_CONSTANT_CONVERSION = YES;
				CLANG_WARN_DEPRECATED_OBJC_IMPLEMENTATIONS = YES;
				CLANG_WARN_DIRECT_OBJC_ISA_USAGE = YES_ERROR;
				CLANG_WARN_DOCUMENTATION_COMMENTS = YES;
				CLANG_WARN_EMPTY_BODY = YES;
				CLANG_WARN_ENUM_CONVERSION = YES;
				CLANG_WARN_INFINITE_RECURSION = YES;
				CLANG_WARN_INT_CONVERSION = YES;
				CLANG_WARN_NON_LITERAL_NULL_CONVERSION = YES;
				CLANG_WARN_OBJC_IMPLICIT_RETAIN_SELF = YES;
				CLANG_WARN_OBJC_LITERAL_CONVERSION = YES;
				CLANG_WARN_OBJC_ROOT_CLASS = YES_ERROR;
				CLANG_WARN_QUOTED_INCLUDE_IN_FRAMEWORK_HEADER = YES;
				CLANG_WARN_RANGE_LOOP_ANALYSIS = YES;
				CLANG_WARN_STRICT_PROTOTYPES = YES;
				CLANG_WARN_SUSPICIOUS_MOVE = YES;
				CLANG_WARN_UNGUARDED_AVAILABILITY = YES_AGGRESSIVE;
				CLANG_WARN_UNREACHABLE_CODE = YES;
				CLANG_WARN__DUPLICATE_METHOD_MATCH = YES;
				COPY_PHASE_STRIP = NO;
				DEBUG_INFORMATION_FORMAT = "dwarf-with-dsym";
				ENABLE_NS_ASSERTIONS = NO;
				ENABLE_STRICT_OBJC_MSGSEND = YES;
				GCC_C_LANGUAGE_STANDARD = gnu11;
				GCC_NO_COMMON_BLOCKS = YES;
				GCC_WARN_64_TO_32_BIT_CONVERSION = YES;
				GCC_WARN_ABOUT_RETURN_TYPE = YES_ERROR;
				GCC_WARN_UNDECLARED_SELECTOR = YES;
				GCC_WARN_UNINITIALIZED_AUTOS = YES_AGGRESSIVE;
				GCC_WARN_UNUSED_FUNCTION = YES;
				GCC_WARN_UNUSED_VARIABLE = YES;
				IPHONEOS_DEPLOYMENT_TARGET = 15.5;
				MTL_ENABLE_DEBUG_INFO = NO;
				MTL_FAST_MATH = YES;
				SDKROOT = iphoneos;
				SWIFT_COMPILATION_MODE = wholemodule;
				SWIFT_OPTIMIZATION_LEVEL = "-O";
				VALIDATE_PRODUCT = YES;
			};
			name = Release;
		};
		52EEB8D828E7058700821A73 /* Debug */ = {
			isa = XCBuildConfiguration;
			buildSettings = {
				ASSETCATALOG_COMPILER_APPICON_NAME = AppIcon;
				ASSETCATALOG_COMPILER_GLOBAL_ACCENT_COLOR_NAME = AccentColor;
				CODE_SIGN_STYLE = Automatic;
				CURRENT_PROJECT_VERSION = 1;
				DEVELOPMENT_ASSET_PATHS = "\"MovieBooking/Preview Content\"";
				ENABLE_PREVIEWS = YES;
				GENERATE_INFOPLIST_FILE = YES;
				INFOPLIST_KEY_UIApplicationSceneManifest_Generation = YES;
				INFOPLIST_KEY_UIApplicationSupportsIndirectInputEvents = YES;
				INFOPLIST_KEY_UILaunchScreen_Generation = YES;
				INFOPLIST_KEY_UISupportedInterfaceOrientations_iPad = "UIInterfaceOrientationPortrait UIInterfaceOrientationPortraitUpsideDown UIInterfaceOrientationLandscapeLeft UIInterfaceOrientationLandscapeRight";
				INFOPLIST_KEY_UISupportedInterfaceOrientations_iPhone = "UIInterfaceOrientationPortrait UIInterfaceOrientationLandscapeLeft UIInterfaceOrientationLandscapeRight";
				LD_RUNPATH_SEARCH_PATHS = (
					"$(inherited)",
					"@executable_path/Frameworks",
				);
				MARKETING_VERSION = 1.0;
				PRODUCT_BUNDLE_IDENTIFIER = "com.rizos-konstantinos.MovieBooking";
				PRODUCT_NAME = "$(TARGET_NAME)";
				SWIFT_EMIT_LOC_STRINGS = YES;
				SWIFT_VERSION = 5.0;
				TARGETED_DEVICE_FAMILY = "1,2";
			};
			name = Debug;
		};
		52EEB8D928E7058700821A73 /* Release */ = {
			isa = XCBuildConfiguration;
			buildSettings = {
				ASSETCATALOG_COMPILER_APPICON_NAME = AppIcon;
				ASSETCATALOG_COMPILER_GLOBAL_ACCENT_COLOR_NAME = AccentColor;
				CODE_SIGN_STYLE = Automatic;
				CURRENT_PROJECT_VERSION = 1;
				DEVELOPMENT_ASSET_PATHS = "\"MovieBooking/Preview Content\"";
				ENABLE_PREVIEWS = YES;
				GENERATE_INFOPLIST_FILE = YES;
				INFOPLIST_KEY_UIApplicationSceneManifest_Generation = YES;
				INFOPLIST_KEY_UIApplicationSupportsIndirectInputEvents = YES;
				INFOPLIST_KEY_UILaunchScreen_Generation = YES;
				INFOPLIST_KEY_UISupportedInterfaceOrientations_iPad = "UIInterfaceOrientationPortrait UIInterfaceOrientationPortraitUpsideDown UIInterfaceOrientationLandscapeLeft UIInterfaceOrientationLandscapeRight";
				INFOPLIST_KEY_UISupportedInterfaceOrientations_iPhone = "UIInterfaceOrientationPortrait UIInterfaceOrientationLandscapeLeft UIInterfaceOrientationLandscapeRight";
				LD_RUNPATH_SEARCH_PATHS = (
					"$(inherited)",
					"@executable_path/Frameworks",
				);
				MARKETING_VERSION = 1.0;
				PRODUCT_BUNDLE_IDENTIFIER = "com.rizos-konstantinos.MovieBooking";
				PRODUCT_NAME = "$(TARGET_NAME)";
				SWIFT_EMIT_LOC_STRINGS = YES;
				SWIFT_VERSION = 5.0;
				TARGETED_DEVICE_FAMILY = "1,2";
			};
			name = Release;
		};
/* End XCBuildConfiguration section */

/* Begin XCConfigurationList section */
		52EEB8C428E7058600821A73 /* Build configuration list for PBXProject "MovieBooking" */ = {
			isa = XCConfigurationList;
			buildConfigurations = (
				52EEB8D528E7058700821A73 /* Debug */,
				52EEB8D628E7058700821A73 /* Release */,
			);
			defaultConfigurationIsVisible = 0;
			defaultConfigurationName = Release;
		};
		52EEB8D728E7058700821A73 /* Build configuration list for PBXNativeTarget "MovieBooking" */ = {
			isa = XCConfigurationList;
			buildConfigurations = (
				52EEB8D828E7058700821A73 /* Debug */,
				52EEB8D928E7058700821A73 /* Release */,
			);
			defaultConfigurationIsVisible = 0;
			defaultConfigurationName = Release;
		};
/* End XCConfigurationList section */
	};
	rootObject = 52EEB8C128E7058600821A73 /* Project object */;
}
